
Microsoft Visual Studio Solution File, Format Version 12.00
# Visual Studio 15
VisualStudioVersion = 15.0.28010.2019
MinimumVisualStudioVersion = 10.0.40219.1
Project("{9A19103F-16F7-4668-BE54-9A1E7A4F7556}") = "C2C.Models", "C2C.Models\C2C.Models.csproj", "{A1A96BDD-2EC9-4371-9A67-3379C3CEFA76}"
EndProject
Project("{9A19103F-16F7-4668-BE54-9A1E7A4F7556}") = "C2C.Data", "C2C.Data\C2C.Data.csproj", "{AC51E3AC-2532-4010-A847-AB553D02BE77}"
EndProject
Project("{9A19103F-16F7-4668-BE54-9A1E7A4F7556}") = "C2C.Service", "C2C.Service\C2C.Service.csproj", "{EBC39858-EF64-44D4-A392-7990E640F78A}"
EndProject
Project("{9A19103F-16F7-4668-BE54-9A1E7A4F7556}") = "C2C.UI", "C2C.UI\C2C.UI.csproj", "{01D29720-10E1-41F2-9B7B-9A6A04B6CEF9}"
EndProject
Project("{FAE04EC0-301F-11D3-BF4B-00C04F79EFBC}") = "Iyzipay", "Iyzipay\Iyzipay.csproj", "{5011814A-01E4-4E5F-82FA-5282FF01DA5D}"
EndProject
Global
	GlobalSection(SolutionConfigurationPlatforms) = preSolution
		Debug|Any CPU = Debug|Any CPU
		Release|Any CPU = Release|Any CPU
	EndGlobalSection
	GlobalSection(ProjectConfigurationPlatforms) = postSolution
		{A1A96BDD-2EC9-4371-9A67-3379C3CEFA76}.Debug|Any CPU.ActiveCfg = Debug|Any CPU
		{A1A96BDD-2EC9-4371-9A67-3379C3CEFA76}.Debug|Any CPU.Build.0 = Debug|Any CPU
		{A1A96BDD-2EC9-4371-9A67-3379C3CEFA76}.Release|Any CPU.ActiveCfg = Release|Any CPU
		{A1A96BDD-2EC9-4371-9A67-3379C3CEFA76}.Release|Any CPU.Build.0 = Release|Any CPU
		{AC51E3AC-2532-4010-A847-AB553D02BE77}.Debug|Any CPU.ActiveCfg = Debug|Any CPU
		{AC51E3AC-2532-4010-A847-AB553D02BE77}.Debug|Any CPU.Build.0 = Debug|Any CPU
		{AC51E3AC-2532-4010-A847-AB553D02BE77}.Release|Any CPU.ActiveCfg = Release|Any CPU
		{AC51E3AC-2532-4010-A847-AB553D02BE77}.Release|Any CPU.Build.0 = Release|Any CPU
		{EBC39858-EF64-44D4-A392-7990E640F78A}.Debug|Any CPU.ActiveCfg = Debug|Any CPU
		{EBC39858-EF64-44D4-A392-7990E640F78A}.Debug|Any CPU.Build.0 = Debug|Any CPU
		{EBC39858-EF64-44D4-A392-7990E640F78A}.Release|Any CPU.ActiveCfg = Release|Any CPU
		{EBC39858-EF64-44D4-A392-7990E640F78A}.Release|Any CPU.Build.0 = Release|Any CPU
		{01D29720-10E1-41F2-9B7B-9A6A04B6CEF9}.Debug|Any CPU.ActiveCfg = Debug|Any CPU
		{01D29720-10E1-41F2-9B7B-9A6A04B6CEF9}.Debug|Any CPU.Build.0 = Debug|Any CPU
		{01D29720-10E1-41F2-9B7B-9A6A04B6CEF9}.Release|Any CPU.ActiveCfg = Release|Any CPU
		{01D29720-10E1-41F2-9B7B-9A6A04B6CEF9}.Release|Any CPU.Build.0 = Release|Any CPU
		{5011814A-01E4-4E5F-82FA-5282FF01DA5D}.Debug|Any CPU.ActiveCfg = Debug|Any CPU
		{5011814A-01E4-4E5F-82FA-5282FF01DA5D}.Debug|Any CPU.Build.0 = Debug|Any CPU
		{5011814A-01E4-4E5F-82FA-5282FF01DA5D}.Release|Any CPU.ActiveCfg = Release|Any CPU
		{5011814A-01E4-4E5F-82FA-5282FF01DA5D}.Release|Any CPU.Build.0 = Release|Any CPU
	EndGlobalSection
	GlobalSection(SolutionProperties) = preSolution
		HideSolutionNode = FALSE
	EndGlobalSection
	GlobalSection(ExtensibilityGlobals) = postSolution
		SolutionGuid = {C41F2362-4070-4E6E-8AF6-F113901D57E8}
	EndGlobalSection
EndGlobal
